
Microsoft Visual Studio Solution File, Format Version 12.00
# Visual Studio Version 17
VisualStudioVersion = 17.5.002.0
MinimumVisualStudioVersion = 10.0.40219.1
Project("{2150E333-8FDC-42A3-9474-1A3956D46DE8}") = "Labfiles", "Labfiles", "{344E9FC6-B0DA-4058-8276-1BD7E3E9E9C8}"
EndProject
Project("{2150E333-8FDC-42A3-9474-1A3956D46DE8}") = "02-nlp-azure-openai", "02-nlp-azure-openai", "{0F4C7FA7-C31C-4241-8284-ACD135A89ED9}"
EndProject
Project("{9A19103F-16F7-4668-BE54-9A1E7A4F7556}") = "CSharp", "Labfiles\02-nlp-azure-openai\CSharp\CSharp.csproj", "{097BE2B4-B0F1-4A86-9505-770BA608EC42}"
EndProject
Project("{2150E333-8FDC-42A3-9474-1A3956D46DE8}") = "03-prompt-engineering", "03-prompt-engineering", "{CF309EB6-9079-4C18-8506-8D85BDA2B3FA}"
EndProject
Project("{9A19103F-16F7-4668-BE54-9A1E7A4F7556}") = "CSharp", "Labfiles\03-prompt-engineering\CSharp\CSharp.csproj", "{AEAA12D8-BD6E-4FF5-A191-5E91A5282FDB}"
EndProject
Project("{2150E333-8FDC-42A3-9474-1A3956D46DE8}") = "04-code-generation", "04-code-generation", "{498E132E-AB7E-468C-802F-FC366C4F444A}"
EndProject
Project("{9A19103F-16F7-4668-BE54-9A1E7A4F7556}") = "CSharp", "Labfiles\04-code-generation\CSharp\CSharp.csproj", "{D42D5EB5-A1D6-47D4-9219-4438138CAF7B}"
EndProject
Project("{2150E333-8FDC-42A3-9474-1A3956D46DE8}") = "05-image-generation", "05-image-generation", "{1FC70B80-49B4-4976-AFF8-850380F74DC4}"
EndProject
Project("{9A19103F-16F7-4668-BE54-9A1E7A4F7556}") = "generate_image", "Labfiles\05-image-generation\CSharp\generate_image.csproj", "{C875D10C-32C2-4EE3-B837-9D27DAA78DC3}"
EndProject
Project("{2150E333-8FDC-42A3-9474-1A3956D46DE8}") = "06-use-own-data", "06-use-own-data", "{52624D64-9E70-41EB-B96C-7051BC892176}"
EndProject
Project("{9A19103F-16F7-4668-BE54-9A1E7A4F7556}") = "CSharp", "Labfiles\06-use-own-data\CSharp\CSharp.csproj", "{B9180ED9-EF53-4095-9AEB-E65D01B1AE9E}"
EndProject
Project("{2150E333-8FDC-42A3-9474-1A3956D46DE8}") = "sample-code", "sample-code", "{ABD0EC5A-5EAE-44BF-923C-046B14D486C2}"
EndProject
Project("{9A19103F-16F7-4668-BE54-9A1E7A4F7556}") = "CSharp", "Labfiles\04-code-generation\sample-code\go-fish\CSharp.csproj", "{FF02A2BB-A199-4A30-9B6B-E096AA92F5C1}"
EndProject
Global
	GlobalSection(SolutionConfigurationPlatforms) = preSolution
		Debug|Any CPU = Debug|Any CPU
		Release|Any CPU = Release|Any CPU
	EndGlobalSection
	GlobalSection(ProjectConfigurationPlatforms) = postSolution
		{097BE2B4-B0F1-4A86-9505-770BA608EC42}.Debug|Any CPU.ActiveCfg = Debug|Any CPU
		{097BE2B4-B0F1-4A86-9505-770BA608EC42}.Debug|Any CPU.Build.0 = Debug|Any CPU
		{097BE2B4-B0F1-4A86-9505-770BA608EC42}.Release|Any CPU.ActiveCfg = Release|Any CPU
		{097BE2B4-B0F1-4A86-9505-770BA608EC42}.Release|Any CPU.Build.0 = Release|Any CPU
		{AEAA12D8-BD6E-4FF5-A191-5E91A5282FDB}.Debug|Any CPU.ActiveCfg = Debug|Any CPU
		{AEAA12D8-BD6E-4FF5-A191-5E91A5282FDB}.Debug|Any CPU.Build.0 = Debug|Any CPU
		{AEAA12D8-BD6E-4FF5-A191-5E91A5282FDB}.Release|Any CPU.ActiveCfg = Release|Any CPU
		{AEAA12D8-BD6E-4FF5-A191-5E91A5282FDB}.Release|Any CPU.Build.0 = Release|Any CPU
		{D42D5EB5-A1D6-47D4-9219-4438138CAF7B}.Debug|Any CPU.ActiveCfg = Debug|Any CPU
		{D42D5EB5-A1D6-47D4-9219-4438138CAF7B}.Debug|Any CPU.Build.0 = Debug|Any CPU
		{D42D5EB5-A1D6-47D4-9219-4438138CAF7B}.Release|Any CPU.ActiveCfg = Release|Any CPU
		{D42D5EB5-A1D6-47D4-9219-4438138CAF7B}.Release|Any CPU.Build.0 = Release|Any CPU
		{C875D10C-32C2-4EE3-B837-9D27DAA78DC3}.Debug|Any CPU.ActiveCfg = Debug|Any CPU
		{C875D10C-32C2-4EE3-B837-9D27DAA78DC3}.Debug|Any CPU.Build.0 = Debug|Any CPU
		{C875D10C-32C2-4EE3-B837-9D27DAA78DC3}.Release|Any CPU.ActiveCfg = Release|Any CPU
		{C875D10C-32C2-4EE3-B837-9D27DAA78DC3}.Release|Any CPU.Build.0 = Release|Any CPU
		{B9180ED9-EF53-4095-9AEB-E65D01B1AE9E}.Debug|Any CPU.ActiveCfg = Debug|Any CPU
		{B9180ED9-EF53-4095-9AEB-E65D01B1AE9E}.Debug|Any CPU.Build.0 = Debug|Any CPU
		{B9180ED9-EF53-4095-9AEB-E65D01B1AE9E}.Release|Any CPU.ActiveCfg = Release|Any CPU
		{B9180ED9-EF53-4095-9AEB-E65D01B1AE9E}.Release|Any CPU.Build.0 = Release|Any CPU
		{FF02A2BB-A199-4A30-9B6B-E096AA92F5C1}.Debug|Any CPU.ActiveCfg = Debug|Any CPU
		{FF02A2BB-A199-4A30-9B6B-E096AA92F5C1}.Debug|Any CPU.Build.0 = Debug|Any CPU
		{FF02A2BB-A199-4A30-9B6B-E096AA92F5C1}.Release|Any CPU.ActiveCfg = Release|Any CPU
		{FF02A2BB-A199-4A30-9B6B-E096AA92F5C1}.Release|Any CPU.Build.0 = Release|Any CPU
	EndGlobalSection
	GlobalSection(SolutionProperties) = preSolution
		HideSolutionNode = FALSE
	EndGlobalSection
	GlobalSection(NestedProjects) = preSolution
		{0F4C7FA7-C31C-4241-8284-ACD135A89ED9} = {344E9FC6-B0DA-4058-8276-1BD7E3E9E9C8}
		{097BE2B4-B0F1-4A86-9505-770BA608EC42} = {0F4C7FA7-C31C-4241-8284-ACD135A89ED9}
		{CF309EB6-9079-4C18-8506-8D85BDA2B3FA} = {344E9FC6-B0DA-4058-8276-1BD7E3E9E9C8}
		{AEAA12D8-BD6E-4FF5-A191-5E91A5282FDB} = {CF309EB6-9079-4C18-8506-8D85BDA2B3FA}
		{498E132E-AB7E-468C-802F-FC366C4F444A} = {344E9FC6-B0DA-4058-8276-1BD7E3E9E9C8}
		{D42D5EB5-A1D6-47D4-9219-4438138CAF7B} = {498E132E-AB7E-468C-802F-FC366C4F444A}
		{1FC70B80-49B4-4976-AFF8-850380F74DC4} = {344E9FC6-B0DA-4058-8276-1BD7E3E9E9C8}
		{C875D10C-32C2-4EE3-B837-9D27DAA78DC3} = {1FC70B80-49B4-4976-AFF8-850380F74DC4}
		{52624D64-9E70-41EB-B96C-7051BC892176} = {344E9FC6-B0DA-4058-8276-1BD7E3E9E9C8}
		{B9180ED9-EF53-4095-9AEB-E65D01B1AE9E} = {52624D64-9E70-41EB-B96C-7051BC892176}
		{ABD0EC5A-5EAE-44BF-923C-046B14D486C2} = {498E132E-AB7E-468C-802F-FC366C4F444A}
		{FF02A2BB-A199-4A30-9B6B-E096AA92F5C1} = {ABD0EC5A-5EAE-44BF-923C-046B14D486C2}
	EndGlobalSection
	GlobalSection(ExtensibilityGlobals) = postSolution
		SolutionGuid = {11AFA56D-D7CD-402A-BC2F-6DF013688BF9}
	EndGlobalSection
EndGlobal
